
Microsoft Visual Studio Solution File, Format Version 12.00
# Visual Studio Version 16
VisualStudioVersion = 16.0.30717.126
MinimumVisualStudioVersion = 10.0.40219.1
Project("{FAE04EC0-301F-11D3-BF4B-00C04F79EFBC}") = "MarksExec", "MarksExec\MarksExec.csproj", "{10963B0D-0BA9-4117-A68C-ECF158FBA8EC}"
EndProject
Global
	GlobalSection(SolutionConfigurationPlatforms) = preSolution
		Debug|Any CPU = Debug|Any CPU
		Release|Any CPU = Release|Any CPU
	EndGlobalSection
	GlobalSection(ProjectConfigurationPlatforms) = postSolution
		{10963B0D-0BA9-4117-A68C-ECF158FBA8EC}.Debug|Any CPU.ActiveCfg = Debug|Any CPU
		{10963B0D-0BA9-4117-A68C-ECF158FBA8EC}.Debug|Any CPU.Build.0 = Debug|Any CPU
		{10963B0D-0BA9-4117-A68C-ECF158FBA8EC}.Release|Any CPU.ActiveCfg = Release|Any CPU
		{10963B0D-0BA9-4117-A68C-ECF158FBA8EC}.Release|Any CPU.Build.0 = Release|Any CPU
	EndGlobalSection
	GlobalSection(SolutionProperties) = preSolution
		HideSolutionNode = FALSE
	EndGlobalSection
	GlobalSection(ExtensibilityGlobals) = postSolution
		SolutionGuid = {CDA42D3D-0D0C-495C-B21C-E3582E62C017}
	EndGlobalSection
EndGlobal
